
Microsoft Visual Studio Solution File, Format Version 12.00
Project("{FAE04EC0-301F-11D3-BF4B-00C04F79EFBC}") = "si730pc2u20221c936.API", " si730pc2u20221c936.API\si730pc2u20221c936.API.csproj", "{4E575CCB-E9F5-49F3-9951-32D22A5A5A3A}"
EndProject
Global
	GlobalSection(SolutionConfigurationPlatforms) = preSolution
		Debug|Any CPU = Debug|Any CPU
		Release|Any CPU = Release|Any CPU
	EndGlobalSection
	GlobalSection(ProjectConfigurationPlatforms) = postSolution
		{4E575CCB-E9F5-49F3-9951-32D22A5A5A3A}.Debug|Any CPU.ActiveCfg = Debug|Any CPU
		{4E575CCB-E9F5-49F3-9951-32D22A5A5A3A}.Debug|Any CPU.Build.0 = Debug|Any CPU
		{4E575CCB-E9F5-49F3-9951-32D22A5A5A3A}.Release|Any CPU.ActiveCfg = Release|Any CPU
		{4E575CCB-E9F5-49F3-9951-32D22A5A5A3A}.Release|Any CPU.Build.0 = Release|Any CPU
	EndGlobalSection
EndGlobal
